
Microsoft Visual Studio Solution File, Format Version 12.00
# Visual Studio Version 17
VisualStudioVersion = 17.0.32112.339
MinimumVisualStudioVersion = 10.0.40219.1
Project("{F184B08F-C81C-45F6-A57F-5ABD9991F28F}") = "Tarea4", "Tarea4\Tarea4.vbproj", "{D29CCF67-84E1-4B8C-9926-10EA6C785D79}"
EndProject
Global
	GlobalSection(SolutionConfigurationPlatforms) = preSolution
		Debug|Any CPU = Debug|Any CPU
		Release|Any CPU = Release|Any CPU
	EndGlobalSection
	GlobalSection(ProjectConfigurationPlatforms) = postSolution
		{D29CCF67-84E1-4B8C-9926-10EA6C785D79}.Debug|Any CPU.ActiveCfg = Debug|Any CPU
		{D29CCF67-84E1-4B8C-9926-10EA6C785D79}.Debug|Any CPU.Build.0 = Debug|Any CPU
		{D29CCF67-84E1-4B8C-9926-10EA6C785D79}.Release|Any CPU.ActiveCfg = Release|Any CPU
		{D29CCF67-84E1-4B8C-9926-10EA6C785D79}.Release|Any CPU.Build.0 = Release|Any CPU
	EndGlobalSection
	GlobalSection(SolutionProperties) = preSolution
		HideSolutionNode = FALSE
	EndGlobalSection
	GlobalSection(ExtensibilityGlobals) = postSolution
		SolutionGuid = {53D40864-0B0D-4735-8070-BA635FAEEBA0}
	EndGlobalSection
EndGlobal
